
Microsoft Visual Studio Solution File, Format Version 12.00
# Visual Studio Version 17
VisualStudioVersion = 17.14.36121.58 d17.14
MinimumVisualStudioVersion = 10.0.40219.1
Project("{C9674DCB-5085-4A16-B785-4C70DD1589BD}") = "ETL", "ETL.dtproj", "{A69805FB-F852-0A23-4B9D-5707F5D826C0}"
EndProject
Global
	GlobalSection(SolutionConfigurationPlatforms) = preSolution
		Azure|Default = Azure|Default
		Development|Default = Development|Default
	EndGlobalSection
	GlobalSection(ProjectConfigurationPlatforms) = postSolution
		{A69805FB-F852-0A23-4B9D-5707F5D826C0}.Azure|Default.ActiveCfg = Azure
		{A69805FB-F852-0A23-4B9D-5707F5D826C0}.Azure|Default.Build.0 = Azure
		{A69805FB-F852-0A23-4B9D-5707F5D826C0}.Development|Default.ActiveCfg = Development
		{A69805FB-F852-0A23-4B9D-5707F5D826C0}.Development|Default.Build.0 = Development
	EndGlobalSection
	GlobalSection(SolutionProperties) = preSolution
		HideSolutionNode = FALSE
	EndGlobalSection
	GlobalSection(ExtensibilityGlobals) = postSolution
		SolutionGuid = {5193DF13-843F-42B4-891D-3D4DE2D7112F}
	EndGlobalSection
EndGlobal
